
Microsoft Visual Studio Solution File, Format Version 12.00
# Visual Studio Version 16
VisualStudioVersion = 16.0.30907.101
MinimumVisualStudioVersion = 10.0.40219.1
Project("{FAE04EC0-301F-11D3-BF4B-00C04F79EFBC}") = "GestionDesAbsence", "GestionDesAbsence\GestionDesAbsence.csproj", "{0110310A-76D9-4FC2-9218-72C3362D249A}"
EndProject
Global
	GlobalSection(SolutionConfigurationPlatforms) = preSolution
		Debug|Any CPU = Debug|Any CPU
		Release|Any CPU = Release|Any CPU
	EndGlobalSection
	GlobalSection(ProjectConfigurationPlatforms) = postSolution
		{0110310A-76D9-4FC2-9218-72C3362D249A}.Debug|Any CPU.ActiveCfg = Debug|Any CPU
		{0110310A-76D9-4FC2-9218-72C3362D249A}.Debug|Any CPU.Build.0 = Debug|Any CPU
		{0110310A-76D9-4FC2-9218-72C3362D249A}.Release|Any CPU.ActiveCfg = Release|Any CPU
		{0110310A-76D9-4FC2-9218-72C3362D249A}.Release|Any CPU.Build.0 = Release|Any CPU
	EndGlobalSection
	GlobalSection(SolutionProperties) = preSolution
		HideSolutionNode = FALSE
	EndGlobalSection
	GlobalSection(ExtensibilityGlobals) = postSolution
		SolutionGuid = {1E4FBF25-9FAB-4534-A42D-7885F8400D5B}
	EndGlobalSection
EndGlobal
